// !$*UTF8*$!
{
	archiveVersion = 1;
	classes = {
	};
	objectVersion = 50;
	objects = {

/* Begin PBXBuildFile section */
		05BBFA69CCB7B628C5F9EF93 /* Pods_WannaBuying.framework in Frameworks */ = {isa = PBXBuildFile; fileRef = F234894A0F458DF7F6DC3BC2 /* Pods_WannaBuying.framework */; };
		3E05C219554A81DC7DC66265 /* Pods_WannaBuyingTests.framework in Frameworks */ = {isa = PBXBuildFile; fileRef = BBB2CF73D6083C08F82794D2 /* Pods_WannaBuyingTests.framework */; };
		B1090FA42275DF48003AA3DD /* AppDelegate.swift in Sources */ = {isa = PBXBuildFile; fileRef = B1090FA32275DF48003AA3DD /* AppDelegate.swift */; };
		B1090FA92275DF48003AA3DD /* Main.storyboard in Resources */ = {isa = PBXBuildFile; fileRef = B1090FA72275DF48003AA3DD /* Main.storyboard */; };
		B1090FAB2275DF4A003AA3DD /* Assets.xcassets in Resources */ = {isa = PBXBuildFile; fileRef = B1090FAA2275DF4A003AA3DD /* Assets.xcassets */; };
		B1090FAE2275DF4A003AA3DD /* LaunchScreen.storyboard in Resources */ = {isa = PBXBuildFile; fileRef = B1090FAC2275DF4A003AA3DD /* LaunchScreen.storyboard */; };
		B1090FB92275DF4A003AA3DD /* WannaBuyingTests.swift in Sources */ = {isa = PBXBuildFile; fileRef = B1090FB82275DF4A003AA3DD /* WannaBuyingTests.swift */; };
		B1090FC42275DF4A003AA3DD /* WannaBuyingUITests.swift in Sources */ = {isa = PBXBuildFile; fileRef = B1090FC32275DF4A003AA3DD /* WannaBuyingUITests.swift */; };
		B113E3E222B0D7EC007081E0 /* EditProfileViewController.swift in Sources */ = {isa = PBXBuildFile; fileRef = B113E3E122B0D7EC007081E0 /* EditProfileViewController.swift */; };
		B11C5F41227EFE580022FFA8 /* GoogleService-Info.plist in Resources */ = {isa = PBXBuildFile; fileRef = B11C5F40227EFE580022FFA8 /* GoogleService-Info.plist */; };
		B1277809229E971B005E6CDA /* SignupViewController.swift in Sources */ = {isa = PBXBuildFile; fileRef = B1277808229E971B005E6CDA /* SignupViewController.swift */; };
		B1278E892276D7FF007C5CFA /* SaleTableViewController.swift in Sources */ = {isa = PBXBuildFile; fileRef = B1278E882276D7FF007C5CFA /* SaleTableViewController.swift */; };
		B12C3E6F22A3E5AE00A6D943 /* ProfileTableViewController.swift in Sources */ = {isa = PBXBuildFile; fileRef = B12C3E6E22A3E5AE00A6D943 /* ProfileTableViewController.swift */; };
		B15C41B3229C21BB00AC8618 /* LoginViewController.swift in Sources */ = {isa = PBXBuildFile; fileRef = B15C41B2229C21BB00AC8618 /* LoginViewController.swift */; };
		B1A9729422B272E20084AA0D /* CommodityCollectionViewCell.swift in Sources */ = {isa = PBXBuildFile; fileRef = B1A9729322B272E20084AA0D /* CommodityCollectionViewCell.swift */; };
		B1A9729822B3E1440084AA0D /* CommodityViewController.swift in Sources */ = {isa = PBXBuildFile; fileRef = B1A9729722B3E1440084AA0D /* CommodityViewController.swift */; };
		B1A9729C22B4F9650084AA0D /* CommodityContentTableViewController.swift in Sources */ = {isa = PBXBuildFile; fileRef = B1A9729B22B4F9650084AA0D /* CommodityContentTableViewController.swift */; };
		B1A972A422B538150084AA0D /* CommodityCommentTableViewController.swift in Sources */ = {isa = PBXBuildFile; fileRef = B1A972A322B538150084AA0D /* CommodityCommentTableViewController.swift */; };
		B1A972A622B5393D0084AA0D /* CommodityCommentTableViewCell.swift in Sources */ = {isa = PBXBuildFile; fileRef = B1A972A522B5393D0084AA0D /* CommodityCommentTableViewCell.swift */; };
		B1ACBAE722B6634A00BBAA20 /* FollowViewController.swift in Sources */ = {isa = PBXBuildFile; fileRef = B1ACBAE622B6634A00BBAA20 /* FollowViewController.swift */; };
		B1ACBAE922B6641A00BBAA20 /* FollowTableViewCell.swift in Sources */ = {isa = PBXBuildFile; fileRef = B1ACBAE822B6641A00BBAA20 /* FollowTableViewCell.swift */; };
		B1ACBAEB22B66A2B00BBAA20 /* SaveViewController.swift in Sources */ = {isa = PBXBuildFile; fileRef = B1ACBAEA22B66A2B00BBAA20 /* SaveViewController.swift */; };
		B1ACBAED22B66B3000BBAA20 /* SaveTableViewCell.swift in Sources */ = {isa = PBXBuildFile; fileRef = B1ACBAEC22B66B3000BBAA20 /* SaveTableViewCell.swift */; };
		B1AE0C5F229575C4003C4BA0 /* TabBarController.swift in Sources */ = {isa = PBXBuildFile; fileRef = B1AE0C5E229575C3003C4BA0 /* TabBarController.swift */; };
		B1CE907722B64FF0003190B3 /* MyCommodityTableViewCell.swift in Sources */ = {isa = PBXBuildFile; fileRef = B1CE907622B64FF0003190B3 /* MyCommodityTableViewCell.swift */; };
		B1CE907922B65888003190B3 /* MyCommodityViewController.swift in Sources */ = {isa = PBXBuildFile; fileRef = B1CE907822B65888003190B3 /* MyCommodityViewController.swift */; };
		B843948735C4706518195365 /* Pods_WannaBuyingUITests.framework in Frameworks */ = {isa = PBXBuildFile; fileRef = 9FC852BF98A8E3E95DA8C823 /* Pods_WannaBuyingUITests.framework */; };
/* End PBXBuildFile section */

/* Begin PBXContainerItemProxy section */
		B1090FB52275DF4A003AA3DD /* PBXContainerItemProxy */ = {
			isa = PBXContainerItemProxy;
			containerPortal = B1090F982275DF48003AA3DD /* Project object */;
			proxyType = 1;
			remoteGlobalIDString = B1090F9F2275DF48003AA3DD;
			remoteInfo = WannaBuying;
		};
		B1090FC02275DF4A003AA3DD /* PBXContainerItemProxy */ = {
			isa = PBXContainerItemProxy;
			containerPortal = B1090F982275DF48003AA3DD /* Project object */;
			proxyType = 1;
			remoteGlobalIDString = B1090F9F2275DF48003AA3DD;
			remoteInfo = WannaBuying;
		};
/* End PBXContainerItemProxy section */

/* Begin PBXFileReference section */
		1AD040685FA26FC21310C972 /* Pods-WannaBuying.release.xcconfig */ = {isa = PBXFileReference; includeInIndex = 1; lastKnownFileType = text.xcconfig; name = "Pods-WannaBuying.release.xcconfig"; path = "Target Support Files/Pods-WannaBuying/Pods-WannaBuying.release.xcconfig"; sourceTree = "<group>"; };
		491C3587048BD5D89D2B779F /* Pods-WannaBuyingTests.debug.xcconfig */ = {isa = PBXFileReference; includeInIndex = 1; lastKnownFileType = text.xcconfig; name = "Pods-WannaBuyingTests.debug.xcconfig"; path = "Target Support Files/Pods-WannaBuyingTests/Pods-WannaBuyingTests.debug.xcconfig"; sourceTree = "<group>"; };
		70DF1A3D95B1E4A84FBB3D5B /* Pods-WannaBuyingUITests.release.xcconfig */ = {isa = PBXFileReference; includeInIndex = 1; lastKnownFileType = text.xcconfig; name = "Pods-WannaBuyingUITests.release.xcconfig"; path = "Target Support Files/Pods-WannaBuyingUITests/Pods-WannaBuyingUITests.release.xcconfig"; sourceTree = "<group>"; };
		76D41F420ED6E5928D64B2D2 /* Pods-WannaBuying.debug.xcconfig */ = {isa = PBXFileReference; includeInIndex = 1; lastKnownFileType = text.xcconfig; name = "Pods-WannaBuying.debug.xcconfig"; path = "Target Support Files/Pods-WannaBuying/Pods-WannaBuying.debug.xcconfig"; sourceTree = "<group>"; };
		9FC852BF98A8E3E95DA8C823 /* Pods_WannaBuyingUITests.framework */ = {isa = PBXFileReference; explicitFileType = wrapper.framework; includeInIndex = 0; path = Pods_WannaBuyingUITests.framework; sourceTree = BUILT_PRODUCTS_DIR; };
		B1090FA02275DF48003AA3DD /* WannaBuying.app */ = {isa = PBXFileReference; explicitFileType = wrapper.application; includeInIndex = 0; path = WannaBuying.app; sourceTree = BUILT_PRODUCTS_DIR; };
		B1090FA32275DF48003AA3DD /* AppDelegate.swift */ = {isa = PBXFileReference; lastKnownFileType = sourcecode.swift; path = AppDelegate.swift; sourceTree = "<group>"; };
		B1090FA82275DF48003AA3DD /* Base */ = {isa = PBXFileReference; lastKnownFileType = file.storyboard; name = Base; path = Base.lproj/Main.storyboard; sourceTree = "<group>"; };
		B1090FAA2275DF4A003AA3DD /* Assets.xcassets */ = {isa = PBXFileReference; lastKnownFileType = folder.assetcatalog; path = Assets.xcassets; sourceTree = "<group>"; };
		B1090FAD2275DF4A003AA3DD /* Base */ = {isa = PBXFileReference; lastKnownFileType = file.storyboard; name = Base; path = Base.lproj/LaunchScreen.storyboard; sourceTree = "<group>"; };
		B1090FAF2275DF4A003AA3DD /* Info.plist */ = {isa = PBXFileReference; lastKnownFileType = text.plist.xml; path = Info.plist; sourceTree = "<group>"; };
		B1090FB42275DF4A003AA3DD /* WannaBuyingTests.xctest */ = {isa = PBXFileReference; explicitFileType = wrapper.cfbundle; includeInIndex = 0; path = WannaBuyingTests.xctest; sourceTree = BUILT_PRODUCTS_DIR; };
		B1090FB82275DF4A003AA3DD /* WannaBuyingTests.swift */ = {isa = PBXFileReference; lastKnownFileType = sourcecode.swift; path = WannaBuyingTests.swift; sourceTree = "<group>"; };
		B1090FBA2275DF4A003AA3DD /* Info.plist */ = {isa = PBXFileReference; lastKnownFileType = text.plist.xml; path = Info.plist; sourceTree = "<group>"; };
		B1090FBF2275DF4A003AA3DD /* WannaBuyingUITests.xctest */ = {isa = PBXFileReference; explicitFileType = wrapper.cfbundle; includeInIndex = 0; path = WannaBuyingUITests.xctest; sourceTree = BUILT_PRODUCTS_DIR; };
		B1090FC32275DF4A003AA3DD /* WannaBuyingUITests.swift */ = {isa = PBXFileReference; lastKnownFileType = sourcecode.swift; path = WannaBuyingUITests.swift; sourceTree = "<group>"; };
		B1090FC52275DF4A003AA3DD /* Info.plist */ = {isa = PBXFileReference; lastKnownFileType = text.plist.xml; path = Info.plist; sourceTree = "<group>"; };
		B113E3E122B0D7EC007081E0 /* EditProfileViewController.swift */ = {isa = PBXFileReference; lastKnownFileType = sourcecode.swift; path = EditProfileViewController.swift; sourceTree = "<group>"; };
		B11C5F40227EFE580022FFA8 /* GoogleService-Info.plist */ = {isa = PBXFileReference; fileEncoding = 4; lastKnownFileType = text.plist.xml; path = "GoogleService-Info.plist"; sourceTree = "<group>"; };
		B1277808229E971B005E6CDA /* SignupViewController.swift */ = {isa = PBXFileReference; lastKnownFileType = sourcecode.swift; path = SignupViewController.swift; sourceTree = "<group>"; };
		B1278E882276D7FF007C5CFA /* SaleTableViewController.swift */ = {isa = PBXFileReference; lastKnownFileType = sourcecode.swift; path = SaleTableViewController.swift; sourceTree = "<group>"; };
		B12C3E6E22A3E5AE00A6D943 /* ProfileTableViewController.swift */ = {isa = PBXFileReference; lastKnownFileType = sourcecode.swift; path = ProfileTableViewController.swift; sourceTree = "<group>"; };
		B15C41B2229C21BB00AC8618 /* LoginViewController.swift */ = {isa = PBXFileReference; lastKnownFileType = sourcecode.swift; path = LoginViewController.swift; sourceTree = "<group>"; };
		B1A9729322B272E20084AA0D /* CommodityCollectionViewCell.swift */ = {isa = PBXFileReference; lastKnownFileType = sourcecode.swift; path = CommodityCollectionViewCell.swift; sourceTree = "<group>"; };
		B1A9729722B3E1440084AA0D /* CommodityViewController.swift */ = {isa = PBXFileReference; lastKnownFileType = sourcecode.swift; path = CommodityViewController.swift; sourceTree = "<group>"; };
		B1A9729B22B4F9650084AA0D /* CommodityContentTableViewController.swift */ = {isa = PBXFileReference; lastKnownFileType = sourcecode.swift; path = CommodityContentTableViewController.swift; sourceTree = "<group>"; };
		B1A972A322B538150084AA0D /* CommodityCommentTableViewController.swift */ = {isa = PBXFileReference; lastKnownFileType = sourcecode.swift; path = CommodityCommentTableViewController.swift; sourceTree = "<group>"; };
		B1A972A522B5393D0084AA0D /* CommodityCommentTableViewCell.swift */ = {isa = PBXFileReference; lastKnownFileType = sourcecode.swift; path = CommodityCommentTableViewCell.swift; sourceTree = "<group>"; };
		B1ACBAE622B6634A00BBAA20 /* FollowViewController.swift */ = {isa = PBXFileReference; lastKnownFileType = sourcecode.swift; path = FollowViewController.swift; sourceTree = "<group>"; };
		B1ACBAE822B6641A00BBAA20 /* FollowTableViewCell.swift */ = {isa = PBXFileReference; lastKnownFileType = sourcecode.swift; path = FollowTableViewCell.swift; sourceTree = "<group>"; };
		B1ACBAEA22B66A2B00BBAA20 /* SaveViewController.swift */ = {isa = PBXFileReference; lastKnownFileType = sourcecode.swift; path = SaveViewController.swift; sourceTree = "<group>"; };
		B1ACBAEC22B66B3000BBAA20 /* SaveTableViewCell.swift */ = {isa = PBXFileReference; lastKnownFileType = sourcecode.swift; path = SaveTableViewCell.swift; sourceTree = "<group>"; };
		B1AE0C5E229575C3003C4BA0 /* TabBarController.swift */ = {isa = PBXFileReference; lastKnownFileType = sourcecode.swift; path = TabBarController.swift; sourceTree = "<group>"; };
		B1CE907622B64FF0003190B3 /* MyCommodityTableViewCell.swift */ = {isa = PBXFileReference; lastKnownFileType = sourcecode.swift; path = MyCommodityTableViewCell.swift; sourceTree = "<group>"; };
		B1CE907822B65888003190B3 /* MyCommodityViewController.swift */ = {isa = PBXFileReference; lastKnownFileType = sourcecode.swift; path = MyCommodityViewController.swift; sourceTree = "<group>"; };
		BBB2CF73D6083C08F82794D2 /* Pods_WannaBuyingTests.framework */ = {isa = PBXFileReference; explicitFileType = wrapper.framework; includeInIndex = 0; path = Pods_WannaBuyingTests.framework; sourceTree = BUILT_PRODUCTS_DIR; };
		CDE3CBA83ED5A1A24F176629 /* Pods-WannaBuyingTests.release.xcconfig */ = {isa = PBXFileReference; includeInIndex = 1; lastKnownFileType = text.xcconfig; name = "Pods-WannaBuyingTests.release.xcconfig"; path = "Target Support Files/Pods-WannaBuyingTests/Pods-WannaBuyingTests.release.xcconfig"; sourceTree = "<group>"; };
		F234894A0F458DF7F6DC3BC2 /* Pods_WannaBuying.framework */ = {isa = PBXFileReference; explicitFileType = wrapper.framework; includeInIndex = 0; path = Pods_WannaBuying.framework; sourceTree = BUILT_PRODUCTS_DIR; };
		F71750198C6A73C82D25FFB4 /* Pods-WannaBuyingUITests.debug.xcconfig */ = {isa = PBXFileReference; includeInIndex = 1; lastKnownFileType = text.xcconfig; name = "Pods-WannaBuyingUITests.debug.xcconfig"; path = "Target Support Files/Pods-WannaBuyingUITests/Pods-WannaBuyingUITests.debug.xcconfig"; sourceTree = "<group>"; };
/* End PBXFileReference section */

/* Begin PBXFrameworksBuildPhase section */
		B1090F9D2275DF48003AA3DD /* Frameworks */ = {
			isa = PBXFrameworksBuildPhase;
			buildActionMask = 2147483647;
			files = (
				05BBFA69CCB7B628C5F9EF93 /* Pods_WannaBuying.framework in Frameworks */,
			);
			runOnlyForDeploymentPostprocessing = 0;
		};
		B1090FB12275DF4A003AA3DD /* Frameworks */ = {
			isa = PBXFrameworksBuildPhase;
			buildActionMask = 2147483647;
			files = (
				3E05C219554A81DC7DC66265 /* Pods_WannaBuyingTests.framework in Frameworks */,
			);
			runOnlyForDeploymentPostprocessing = 0;
		};
		B1090FBC2275DF4A003AA3DD /* Frameworks */ = {
			isa = PBXFrameworksBuildPhase;
			buildActionMask = 2147483647;
			files = (
				B843948735C4706518195365 /* Pods_WannaBuyingUITests.framework in Frameworks */,
			);
			runOnlyForDeploymentPostprocessing = 0;
		};
/* End PBXFrameworksBuildPhase section */

/* Begin PBXGroup section */
		3E8ED4993109B1F06815E013 /* Frameworks */ = {
			isa = PBXGroup;
			children = (
				F234894A0F458DF7F6DC3BC2 /* Pods_WannaBuying.framework */,
				BBB2CF73D6083C08F82794D2 /* Pods_WannaBuyingTests.framework */,
				9FC852BF98A8E3E95DA8C823 /* Pods_WannaBuyingUITests.framework */,
			);
			name = Frameworks;
			sourceTree = "<group>";
		};
		B1090F972275DF48003AA3DD = {
			isa = PBXGroup;
			children = (
				B1090FA22275DF48003AA3DD /* WannaBuying */,
				B1090FB72275DF4A003AA3DD /* WannaBuyingTests */,
				B1090FC22275DF4A003AA3DD /* WannaBuyingUITests */,
				B1090FA12275DF48003AA3DD /* Products */,
				C8E5D92CD9FFB53A00D1A3B8 /* Pods */,
				3E8ED4993109B1F06815E013 /* Frameworks */,
			);
			sourceTree = "<group>";
		};
		B1090FA12275DF48003AA3DD /* Products */ = {
			isa = PBXGroup;
			children = (
				B1090FA02275DF48003AA3DD /* WannaBuying.app */,
				B1090FB42275DF4A003AA3DD /* WannaBuyingTests.xctest */,
				B1090FBF2275DF4A003AA3DD /* WannaBuyingUITests.xctest */,
			);
			name = Products;
			sourceTree = "<group>";
		};
		B1090FA22275DF48003AA3DD /* WannaBuying */ = {
			isa = PBXGroup;
			children = (
				B1090FA32275DF48003AA3DD /* AppDelegate.swift */,
				B1090FA72275DF48003AA3DD /* Main.storyboard */,
				B1ACBAEC22B66B3000BBAA20 /* SaveTableViewCell.swift */,
				B1ACBAEA22B66A2B00BBAA20 /* SaveViewController.swift */,
				B1ACBAE822B6641A00BBAA20 /* FollowTableViewCell.swift */,
				B1ACBAE622B6634A00BBAA20 /* FollowViewController.swift */,
				B1CE907622B64FF0003190B3 /* MyCommodityTableViewCell.swift */,
				B1CE907822B65888003190B3 /* MyCommodityViewController.swift */,
				B1A972A522B5393D0084AA0D /* CommodityCommentTableViewCell.swift */,
				B1A972A322B538150084AA0D /* CommodityCommentTableViewController.swift */,
				B1A9729B22B4F9650084AA0D /* CommodityContentTableViewController.swift */,
				B1A9729322B272E20084AA0D /* CommodityCollectionViewCell.swift */,
				B1A9729722B3E1440084AA0D /* CommodityViewController.swift */,
				B113E3E122B0D7EC007081E0 /* EditProfileViewController.swift */,
				B12C3E6E22A3E5AE00A6D943 /* ProfileTableViewController.swift */,
				B1277808229E971B005E6CDA /* SignupViewController.swift */,
				B15C41B2229C21BB00AC8618 /* LoginViewController.swift */,
				B1AE0C5E229575C3003C4BA0 /* TabBarController.swift */,
				B1278E882276D7FF007C5CFA /* SaleTableViewController.swift */,
				B1090FAA2275DF4A003AA3DD /* Assets.xcassets */,
				B1090FAC2275DF4A003AA3DD /* LaunchScreen.storyboard */,
				B1090FAF2275DF4A003AA3DD /* Info.plist */,
				B11C5F40227EFE580022FFA8 /* GoogleService-Info.plist */,
			);
			path = WannaBuying;
			sourceTree = "<group>";
		};
		B1090FB72275DF4A003AA3DD /* WannaBuyingTests */ = {
			isa = PBXGroup;
			children = (
				B1090FB82275DF4A003AA3DD /* WannaBuyingTests.swift */,
				B1090FBA2275DF4A003AA3DD /* Info.plist */,
			);
			path = WannaBuyingTests;
			sourceTree = "<group>";
		};
		B1090FC22275DF4A003AA3DD /* WannaBuyingUITests */ = {
			isa = PBXGroup;
			children = (
				B1090FC32275DF4A003AA3DD /* WannaBuyingUITests.swift */,
				B1090FC52275DF4A003AA3DD /* Info.plist */,
			);
			path = WannaBuyingUITests;
			sourceTree = "<group>";
		};
		C8E5D92CD9FFB53A00D1A3B8 /* Pods */ = {
			isa = PBXGroup;
			children = (
				76D41F420ED6E5928D64B2D2 /* Pods-WannaBuying.debug.xcconfig */,
				1AD040685FA26FC21310C972 /* Pods-WannaBuying.release.xcconfig */,
				491C3587048BD5D89D2B779F /* Pods-WannaBuyingTests.debug.xcconfig */,
				CDE3CBA83ED5A1A24F176629 /* Pods-WannaBuyingTests.release.xcconfig */,
				F71750198C6A73C82D25FFB4 /* Pods-WannaBuyingUITests.debug.xcconfig */,
				70DF1A3D95B1E4A84FBB3D5B /* Pods-WannaBuyingUITests.release.xcconfig */,
			);
			path = Pods;
			sourceTree = "<group>";
		};
/* End PBXGroup section */

/* Begin PBXNativeTarget section */
		B1090F9F2275DF48003AA3DD /* WannaBuying */ = {
			isa = PBXNativeTarget;
			buildConfigurationList = B1090FC82275DF4B003AA3DD /* Build configuration list for PBXNativeTarget "WannaBuying" */;
			buildPhases = (
				21EAB583CA0E3D0F233DF5D8 /* [CP] Check Pods Manifest.lock */,
				B1090F9C2275DF48003AA3DD /* Sources */,
				B1090F9D2275DF48003AA3DD /* Frameworks */,
				B1090F9E2275DF48003AA3DD /* Resources */,
				A0D8ACB14CD756A6087B63AB /* [CP] Embed Pods Frameworks */,
			);
			buildRules = (
			);
			dependencies = (
			);
			name = WannaBuying;
			productName = WannaBuying;
			productReference = B1090FA02275DF48003AA3DD /* WannaBuying.app */;
			productType = "com.apple.product-type.application";
		};
		B1090FB32275DF4A003AA3DD /* WannaBuyingTests */ = {
			isa = PBXNativeTarget;
			buildConfigurationList = B1090FCB2275DF4B003AA3DD /* Build configuration list for PBXNativeTarget "WannaBuyingTests" */;
			buildPhases = (
				2F079CD95D00EEC0A197B712 /* [CP] Check Pods Manifest.lock */,
				B1090FB02275DF4A003AA3DD /* Sources */,
				B1090FB12275DF4A003AA3DD /* Frameworks */,
				B1090FB22275DF4A003AA3DD /* Resources */,
			);
			buildRules = (
			);
			dependencies = (
				B1090FB62275DF4A003AA3DD /* PBXTargetDependency */,
			);
			name = WannaBuyingTests;
			productName = WannaBuyingTests;
			productReference = B1090FB42275DF4A003AA3DD /* WannaBuyingTests.xctest */;
			productType = "com.apple.product-type.bundle.unit-test";
		};
		B1090FBE2275DF4A003AA3DD /* WannaBuyingUITests */ = {
			isa = PBXNativeTarget;
			buildConfigurationList = B1090FCE2275DF4B003AA3DD /* Build configuration list for PBXNativeTarget "WannaBuyingUITests" */;
			buildPhases = (
				1C7144E41156623FE7C00162 /* [CP] Check Pods Manifest.lock */,
				B1090FBB2275DF4A003AA3DD /* Sources */,
				B1090FBC2275DF4A003AA3DD /* Frameworks */,
				B1090FBD2275DF4A003AA3DD /* Resources */,
			);
			buildRules = (
			);
			dependencies = (
				B1090FC12275DF4A003AA3DD /* PBXTargetDependency */,
			);
			name = WannaBuyingUITests;
			productName = WannaBuyingUITests;
			productReference = B1090FBF2275DF4A003AA3DD /* WannaBuyingUITests.xctest */;
			productType = "com.apple.product-type.bundle.ui-testing";
		};
/* End PBXNativeTarget section */

/* Begin PBXProject section */
		B1090F982275DF48003AA3DD /* Project object */ = {
			isa = PBXProject;
			attributes = {
				LastSwiftUpdateCheck = 1010;
				LastUpgradeCheck = 1010;
				ORGANIZATIONNAME = s92104;
				TargetAttributes = {
					B1090F9F2275DF48003AA3DD = {
						CreatedOnToolsVersion = 10.1;
					};
					B1090FB32275DF4A003AA3DD = {
						CreatedOnToolsVersion = 10.1;
						TestTargetID = B1090F9F2275DF48003AA3DD;
					};
					B1090FBE2275DF4A003AA3DD = {
						CreatedOnToolsVersion = 10.1;
						TestTargetID = B1090F9F2275DF48003AA3DD;
					};
				};
			};
			buildConfigurationList = B1090F9B2275DF48003AA3DD /* Build configuration list for PBXProject "WannaBuying" */;
			compatibilityVersion = "Xcode 9.3";
			developmentRegion = en;
			hasScannedForEncodings = 0;
			knownRegions = (
				en,
				Base,
			);
			mainGroup = B1090F972275DF48003AA3DD;
			productRefGroup = B1090FA12275DF48003AA3DD /* Products */;
			projectDirPath = "";
			projectRoot = "";
			targets = (
				B1090F9F2275DF48003AA3DD /* WannaBuying */,
				B1090FB32275DF4A003AA3DD /* WannaBuyingTests */,
				B1090FBE2275DF4A003AA3DD /* WannaBuyingUITests */,
			);
		};
/* End PBXProject section */

/* Begin PBXResourcesBuildPhase section */
		B1090F9E2275DF48003AA3DD /* Resources */ = {
			isa = PBXResourcesBuildPhase;
			buildActionMask = 2147483647;
			files = (
				B1090FAE2275DF4A003AA3DD /* LaunchScreen.storyboard in Resources */,
				B11C5F41227EFE580022FFA8 /* GoogleService-Info.plist in Resources */,
				B1090FAB2275DF4A003AA3DD /* Assets.xcassets in Resources */,
				B1090FA92275DF48003AA3DD /* Main.storyboard in Resources */,
			);
			runOnlyForDeploymentPostprocessing = 0;
		};
		B1090FB22275DF4A003AA3DD /* Resources */ = {
			isa = PBXResourcesBuildPhase;
			buildActionMask = 2147483647;
			files = (
			);
			runOnlyForDeploymentPostprocessing = 0;
		};
		B1090FBD2275DF4A003AA3DD /* Resources */ = {
			isa = PBXResourcesBuildPhase;
			buildActionMask = 2147483647;
			files = (
			);
			runOnlyForDeploymentPostprocessing = 0;
		};
/* End PBXResourcesBuildPhase section */

/* Begin PBXShellScriptBuildPhase section */
		1C7144E41156623FE7C00162 /* [CP] Check Pods Manifest.lock */ = {
			isa = PBXShellScriptBuildPhase;
			buildActionMask = 2147483647;
			files = (
			);
			inputFileListPaths = (
			);
			inputPaths = (
				"${PODS_PODFILE_DIR_PATH}/Podfile.lock",
				"${PODS_ROOT}/Manifest.lock",
			);
			name = "[CP] Check Pods Manifest.lock";
			outputFileListPaths = (
			);
			outputPaths = (
				"$(DERIVED_FILE_DIR)/Pods-WannaBuyingUITests-checkManifestLockResult.txt",
			);
			runOnlyForDeploymentPostprocessing = 0;
			shellPath = /bin/sh;
			shellScript = "diff \"${PODS_PODFILE_DIR_PATH}/Podfile.lock\" \"${PODS_ROOT}/Manifest.lock\" > /dev/null\nif [ $? != 0 ] ; then\n    # print error to STDERR\n    echo \"error: The sandbox is not in sync with the Podfile.lock. Run 'pod install' or update your CocoaPods installation.\" >&2\n    exit 1\nfi\n# This output is used by Xcode 'outputs' to avoid re-running this script phase.\necho \"SUCCESS\" > \"${SCRIPT_OUTPUT_FILE_0}\"\n";
			showEnvVarsInLog = 0;
		};
		21EAB583CA0E3D0F233DF5D8 /* [CP] Check Pods Manifest.lock */ = {
			isa = PBXShellScriptBuildPhase;
			buildActionMask = 2147483647;
			files = (
			);
			inputFileListPaths = (
			);
			inputPaths = (
				"${PODS_PODFILE_DIR_PATH}/Podfile.lock",
				"${PODS_ROOT}/Manifest.lock",
			);
			name = "[CP] Check Pods Manifest.lock";
			outputFileListPaths = (
			);
			outputPaths = (
				"$(DERIVED_FILE_DIR)/Pods-WannaBuying-checkManifestLockResult.txt",
			);
			runOnlyForDeploymentPostprocessing = 0;
			shellPath = /bin/sh;
			shellScript = "diff \"${PODS_PODFILE_DIR_PATH}/Podfile.lock\" \"${PODS_ROOT}/Manifest.lock\" > /dev/null\nif [ $? != 0 ] ; then\n    # print error to STDERR\n    echo \"error: The sandbox is not in sync with the Podfile.lock. Run 'pod install' or update your CocoaPods installation.\" >&2\n    exit 1\nfi\n# This output is used by Xcode 'outputs' to avoid re-running this script phase.\necho \"SUCCESS\" > \"${SCRIPT_OUTPUT_FILE_0}\"\n";
			showEnvVarsInLog = 0;
		};
		2F079CD95D00EEC0A197B712 /* [CP] Check Pods Manifest.lock */ = {
			isa = PBXShellScriptBuildPhase;
			buildActionMask = 2147483647;
			files = (
			);
			inputFileListPaths = (
			);
			inputPaths = (
				"${PODS_PODFILE_DIR_PATH}/Podfile.lock",
				"${PODS_ROOT}/Manifest.lock",
			);
			name = "[CP] Check Pods Manifest.lock";
			outputFileListPaths = (
			);
			outputPaths = (
				"$(DERIVED_FILE_DIR)/Pods-WannaBuyingTests-checkManifestLockResult.txt",
			);
			runOnlyForDeploymentPostprocessing = 0;
			shellPath = /bin/sh;
			shellScript = "diff \"${PODS_PODFILE_DIR_PATH}/Podfile.lock\" \"${PODS_ROOT}/Manifest.lock\" > /dev/null\nif [ $? != 0 ] ; then\n    # print error to STDERR\n    echo \"error: The sandbox is not in sync with the Podfile.lock. Run 'pod install' or update your CocoaPods installation.\" >&2\n    exit 1\nfi\n# This output is used by Xcode 'outputs' to avoid re-running this script phase.\necho \"SUCCESS\" > \"${SCRIPT_OUTPUT_FILE_0}\"\n";
			showEnvVarsInLog = 0;
		};
		A0D8ACB14CD756A6087B63AB /* [CP] Embed Pods Frameworks */ = {
			isa = PBXShellScriptBuildPhase;
			buildActionMask = 2147483647;
			files = (
			);
			inputFileListPaths = (
			);
			inputPaths = (
				"${PODS_ROOT}/Target Support Files/Pods-WannaBuying/Pods-WannaBuying-frameworks.sh",
				"${BUILT_PRODUCTS_DIR}/BoringSSL-GRPC/openssl_grpc.framework",
				"${BUILT_PRODUCTS_DIR}/GTMSessionFetcher/GTMSessionFetcher.framework",
				"${BUILT_PRODUCTS_DIR}/GoogleUtilities/GoogleUtilities.framework",
				"${BUILT_PRODUCTS_DIR}/Protobuf/Protobuf.framework",
				"${BUILT_PRODUCTS_DIR}/gRPC-C++/grpcpp.framework",
				"${BUILT_PRODUCTS_DIR}/gRPC-Core/grpc.framework",
				"${BUILT_PRODUCTS_DIR}/leveldb-library/leveldb.framework",
				"${BUILT_PRODUCTS_DIR}/nanopb/nanopb.framework",
			);
			name = "[CP] Embed Pods Frameworks";
			outputFileListPaths = (
			);
			outputPaths = (
				"${TARGET_BUILD_DIR}/${FRAMEWORKS_FOLDER_PATH}/openssl_grpc.framework",
				"${TARGET_BUILD_DIR}/${FRAMEWORKS_FOLDER_PATH}/GTMSessionFetcher.framework",
				"${TARGET_BUILD_DIR}/${FRAMEWORKS_FOLDER_PATH}/GoogleUtilities.framework",
				"${TARGET_BUILD_DIR}/${FRAMEWORKS_FOLDER_PATH}/Protobuf.framework",
				"${TARGET_BUILD_DIR}/${FRAMEWORKS_FOLDER_PATH}/grpcpp.framework",
				"${TARGET_BUILD_DIR}/${FRAMEWORKS_FOLDER_PATH}/grpc.framework",
				"${TARGET_BUILD_DIR}/${FRAMEWORKS_FOLDER_PATH}/leveldb.framework",
				"${TARGET_BUILD_DIR}/${FRAMEWORKS_FOLDER_PATH}/nanopb.framework",
			);
			runOnlyForDeploymentPostprocessing = 0;
			shellPath = /bin/sh;
			shellScript = "\"${PODS_ROOT}/Target Support Files/Pods-WannaBuying/Pods-WannaBuying-frameworks.sh\"\n";
			showEnvVarsInLog = 0;
		};
/* End PBXShellScriptBuildPhase section */

/* Begin PBXSourcesBuildPhase section */
		B1090F9C2275DF48003AA3DD /* Sources */ = {
			isa = PBXSourcesBuildPhase;
			buildActionMask = 2147483647;
			files = (
				B1ACBAED22B66B3000BBAA20 /* SaveTableViewCell.swift in Sources */,
				B12C3E6F22A3E5AE00A6D943 /* ProfileTableViewController.swift in Sources */,
				B1A972A622B5393D0084AA0D /* CommodityCommentTableViewCell.swift in Sources */,
				B1A972A422B538150084AA0D /* CommodityCommentTableViewController.swift in Sources */,
				B15C41B3229C21BB00AC8618 /* LoginViewController.swift in Sources */,
				B1AE0C5F229575C4003C4BA0 /* TabBarController.swift in Sources */,
				B1277809229E971B005E6CDA /* SignupViewController.swift in Sources */,
				B1ACBAEB22B66A2B00BBAA20 /* SaveViewController.swift in Sources */,
				B1090FA42275DF48003AA3DD /* AppDelegate.swift in Sources */,
				B1A9729C22B4F9650084AA0D /* CommodityContentTableViewController.swift in Sources */,
				B1CE907922B65888003190B3 /* MyCommodityViewController.swift in Sources */,
				B1A9729822B3E1440084AA0D /* CommodityViewController.swift in Sources */,
				B1ACBAE922B6641A00BBAA20 /* FollowTableViewCell.swift in Sources */,
				B1278E892276D7FF007C5CFA /* SaleTableViewController.swift in Sources */,
				B1A9729422B272E20084AA0D /* CommodityCollectionViewCell.swift in Sources */,
				B1ACBAE722B6634A00BBAA20 /* FollowViewController.swift in Sources */,
				B113E3E222B0D7EC007081E0 /* EditProfileViewController.swift in Sources */,
				B1CE907722B64FF0003190B3 /* MyCommodityTableViewCell.swift in Sources */,
			);
			runOnlyForDeploymentPostprocessing = 0;
		};
		B1090FB02275DF4A003AA3DD /* Sources */ = {
			isa = PBXSourcesBuildPhase;
			buildActionMask = 2147483647;
			files = (
				B1090FB92275DF4A003AA3DD /* WannaBuyingTests.swift in Sources */,
			);
			runOnlyForDeploymentPostprocessing = 0;
		};
		B1090FBB2275DF4A003AA3DD /* Sources */ = {
			isa = PBXSourcesBuildPhase;
			buildActionMask = 2147483647;
			files = (
				B1090FC42275DF4A003AA3DD /* WannaBuyingUITests.swift in Sources */,
			);
			runOnlyForDeploymentPostprocessing = 0;
		};
/* End PBXSourcesBuildPhase section */

/* Begin PBXTargetDependency section */
		B1090FB62275DF4A003AA3DD /* PBXTargetDependency */ = {
			isa = PBXTargetDependency;
			target = B1090F9F2275DF48003AA3DD /* WannaBuying */;
			targetProxy = B1090FB52275DF4A003AA3DD /* PBXContainerItemProxy */;
		};
		B1090FC12275DF4A003AA3DD /* PBXTargetDependency */ = {
			isa = PBXTargetDependency;
			target = B1090F9F2275DF48003AA3DD /* WannaBuying */;
			targetProxy = B1090FC02275DF4A003AA3DD /* PBXContainerItemProxy */;
		};
/* End PBXTargetDependency section */

/* Begin PBXVariantGroup section */
		B1090FA72275DF48003AA3DD /* Main.storyboard */ = {
			isa = PBXVariantGroup;
			children = (
				B1090FA82275DF48003AA3DD /* Base */,
			);
			name = Main.storyboard;
			sourceTree = "<group>";
		};
		B1090FAC2275DF4A003AA3DD /* LaunchScreen.storyboard */ = {
			isa = PBXVariantGroup;
			children = (
				B1090FAD2275DF4A003AA3DD /* Base */,
			);
			name = LaunchScreen.storyboard;
			sourceTree = "<group>";
		};
/* End PBXVariantGroup section */

/* Begin XCBuildConfiguration section */
		B1090FC62275DF4B003AA3DD /* Debug */ = {
			isa = XCBuildConfiguration;
			buildSettings = {
				ALWAYS_SEARCH_USER_PATHS = NO;
				CLANG_ANALYZER_NONNULL = YES;
				CLANG_ANALYZER_NUMBER_OBJECT_CONVERSION = YES_AGGRESSIVE;
				CLANG_CXX_LANGUAGE_STANDARD = "gnu++14";
				CLANG_CXX_LIBRARY = "libc++";
				CLANG_ENABLE_MODULES = YES;
				CLANG_ENABLE_OBJC_ARC = YES;
				CLANG_ENABLE_OBJC_WEAK = YES;
				CLANG_WARN_BLOCK_CAPTURE_AUTORELEASING = YES;
				CLANG_WARN_BOOL_CONVERSION = YES;
				CLANG_WARN_COMMA = YES;
				CLANG_WARN_CONSTANT_CONVERSION = YES;
				CLANG_WARN_DEPRECATED_OBJC_IMPLEMENTATIONS = YES;
				CLANG_WARN_DIRECT_OBJC_ISA_USAGE = YES_ERROR;
				CLANG_WARN_DOCUMENTATION_COMMENTS = YES;
				CLANG_WARN_EMPTY_BODY = YES;
				CLANG_WARN_ENUM_CONVERSION = YES;
				CLANG_WARN_INFINITE_RECURSION = YES;
				CLANG_WARN_INT_CONVERSION = YES;
				CLANG_WARN_NON_LITERAL_NULL_CONVERSION = YES;
				CLANG_WARN_OBJC_IMPLICIT_RETAIN_SELF = YES;
				CLANG_WARN_OBJC_LITERAL_CONVERSION = YES;
				CLANG_WARN_OBJC_ROOT_CLASS = YES_ERROR;
				CLANG_WARN_RANGE_LOOP_ANALYSIS = YES;
				CLANG_WARN_STRICT_PROTOTYPES = YES;
				CLANG_WARN_SUSPICIOUS_MOVE = YES;
				CLANG_WARN_UNGUARDED_AVAILABILITY = YES_AGGRESSIVE;
				CLANG_WARN_UNREACHABLE_CODE = YES;
				CLANG_WARN__DUPLICATE_METHOD_MATCH = YES;
				CODE_SIGN_IDENTITY = "iPhone Developer";
				COPY_PHASE_STRIP = NO;
				DEBUG_INFORMATION_FORMAT = dwarf;
				ENABLE_STRICT_OBJC_MSGSEND = YES;
				ENABLE_TESTABILITY = YES;
				GCC_C_LANGUAGE_STANDARD = gnu11;
				GCC_DYNAMIC_NO_PIC = NO;
				GCC_NO_COMMON_BLOCKS = YES;
				GCC_OPTIMIZATION_LEVEL = 0;
				GCC_PREPROCESSOR_DEFINITIONS = (
					"DEBUG=1",
					"$(inherited)",
				);
				GCC_WARN_64_TO_32_BIT_CONVERSION = YES;
				GCC_WARN_ABOUT_RETURN_TYPE = YES_ERROR;
				GCC_WARN_UNDECLARED_SELECTOR = YES;
				GCC_WARN_UNINITIALIZED_AUTOS = YES_AGGRESSIVE;
				GCC_WARN_UNUSED_FUNCTION = YES;
				GCC_WARN_UNUSED_VARIABLE = YES;
				IPHONEOS_DEPLOYMENT_TARGET = 12.1;
				MTL_ENABLE_DEBUG_INFO = INCLUDE_SOURCE;
				MTL_FAST_MATH = YES;
				ONLY_ACTIVE_ARCH = YES;
				SDKROOT = iphoneos;
				SWIFT_ACTIVE_COMPILATION_CONDITIONS = DEBUG;
				SWIFT_OPTIMIZATION_LEVEL = "-Onone";
			};
			name = Debug;
		};
		B1090FC72275DF4B003AA3DD /* Release */ = {
			isa = XCBuildConfiguration;
			buildSettings = {
				ALWAYS_SEARCH_USER_PATHS = NO;
				CLANG_ANALYZER_NONNULL = YES;
				CLANG_ANALYZER_NUMBER_OBJECT_CONVERSION = YES_AGGRESSIVE;
				CLANG_CXX_LANGUAGE_STANDARD = "gnu++14";
				CLANG_CXX_LIBRARY = "libc++";
				CLANG_ENABLE_MODULES = YES;
				CLANG_ENABLE_OBJC_ARC = YES;
				CLANG_ENABLE_OBJC_WEAK = YES;
				CLANG_WARN_BLOCK_CAPTURE_AUTORELEASING = YES;
				CLANG_WARN_BOOL_CONVERSION = YES;
				CLANG_WARN_COMMA = YES;
				CLANG_WARN_CONSTANT_CONVERSION = YES;
				CLANG_WARN_DEPRECATED_OBJC_IMPLEMENTATIONS = YES;
				CLANG_WARN_DIRECT_OBJC_ISA_USAGE = YES_ERROR;
				CLANG_WARN_DOCUMENTATION_COMMENTS = YES;
				CLANG_WARN_EMPTY_BODY = YES;
				CLANG_WARN_ENUM_CONVERSION = YES;
				CLANG_WARN_INFINITE_RECURSION = YES;
				CLANG_WARN_INT_CONVERSION = YES;
				CLANG_WARN_NON_LITERAL_NULL_CONVERSION = YES;
				CLANG_WARN_OBJC_IMPLICIT_RETAIN_SELF = YES;
				CLANG_WARN_OBJC_LITERAL_CONVERSION = YES;
				CLANG_WARN_OBJC_ROOT_CLASS = YES_ERROR;
				CLANG_WARN_RANGE_LOOP_ANALYSIS = YES;
				CLANG_WARN_STRICT_PROTOTYPES = YES;
				CLANG_WARN_SUSPICIOUS_MOVE = YES;
				CLANG_WARN_UNGUARDED_AVAILABILITY = YES_AGGRESSIVE;
				CLANG_WARN_UNREACHABLE_CODE = YES;
				CLANG_WARN__DUPLICATE_METHOD_MATCH = YES;
				CODE_SIGN_IDENTITY = "iPhone Developer";
				COPY_PHASE_STRIP = NO;
				DEBUG_INFORMATION_FORMAT = "dwarf-with-dsym";
				ENABLE_NS_ASSERTIONS = NO;
				ENABLE_STRICT_OBJC_MSGSEND = YES;
				GCC_C_LANGUAGE_STANDARD = gnu11;
				GCC_NO_COMMON_BLOCKS = YES;
				GCC_WARN_64_TO_32_BIT_CONVERSION = YES;
				GCC_WARN_ABOUT_RETURN_TYPE = YES_ERROR;
				GCC_WARN_UNDECLARED_SELECTOR = YES;
				GCC_WARN_UNINITIALIZED_AUTOS = YES_AGGRESSIVE;
				GCC_WARN_UNUSED_FUNCTION = YES;
				GCC_WARN_UNUSED_VARIABLE = YES;
				IPHONEOS_DEPLOYMENT_TARGET = 12.1;
				MTL_ENABLE_DEBUG_INFO = NO;
				MTL_FAST_MATH = YES;
				SDKROOT = iphoneos;
				SWIFT_COMPILATION_MODE = wholemodule;
				SWIFT_OPTIMIZATION_LEVEL = "-O";
				VALIDATE_PRODUCT = YES;
			};
			name = Release;
		};
		B1090FC92275DF4B003AA3DD /* Debug */ = {
			isa = XCBuildConfiguration;
			baseConfigurationReference = 76D41F420ED6E5928D64B2D2 /* Pods-WannaBuying.debug.xcconfig */;
			buildSettings = {
				ASSETCATALOG_COMPILER_APPICON_NAME = AppIcon;
				CODE_SIGN_STYLE = Automatic;
				DEVELOPMENT_TEAM = 9WM5XUXK7T;
				INFOPLIST_FILE = WannaBuying/Info.plist;
				IPHONEOS_DEPLOYMENT_TARGET = 12.0;
				LD_RUNPATH_SEARCH_PATHS = (
					"$(inherited)",
					"@executable_path/Frameworks",
				);
				PRODUCT_BUNDLE_IDENTIFIER = s92104.WannaBuying;
				PRODUCT_NAME = "$(TARGET_NAME)";
				SWIFT_VERSION = 4.2;
				TARGETED_DEVICE_FAMILY = "1,2";
			};
			name = Debug;
		};
		B1090FCA2275DF4B003AA3DD /* Release */ = {
			isa = XCBuildConfiguration;
			baseConfigurationReference = 1AD040685FA26FC21310C972 /* Pods-WannaBuying.release.xcconfig */;
			buildSettings = {
				ASSETCATALOG_COMPILER_APPICON_NAME = AppIcon;
				CODE_SIGN_STYLE = Automatic;
				DEVELOPMENT_TEAM = 9WM5XUXK7T;
				INFOPLIST_FILE = WannaBuying/Info.plist;
				IPHONEOS_DEPLOYMENT_TARGET = 12.0;
				LD_RUNPATH_SEARCH_PATHS = (
					"$(inherited)",
					"@executable_path/Frameworks",
				);
				PRODUCT_BUNDLE_IDENTIFIER = s92104.WannaBuying;
				PRODUCT_NAME = "$(TARGET_NAME)";
				SWIFT_VERSION = 4.2;
				TARGETED_DEVICE_FAMILY = "1,2";
			};
			name = Release;
		};
		B1090FCC2275DF4B003AA3DD /* Debug */ = {
			isa = XCBuildConfiguration;
			baseConfigurationReference = 491C3587048BD5D89D2B779F /* Pods-WannaBuyingTests.debug.xcconfig */;
			buildSettings = {
				ALWAYS_EMBED_SWIFT_STANDARD_LIBRARIES = YES;
				BUNDLE_LOADER = "$(TEST_HOST)";
				CODE_SIGN_STYLE = Automatic;
				INFOPLIST_FILE = WannaBuyingTests/Info.plist;
				LD_RUNPATH_SEARCH_PATHS = (
					"$(inherited)",
					"@executable_path/Frameworks",
					"@loader_path/Frameworks",
				);
				PRODUCT_BUNDLE_IDENTIFIER = s92104.WannaBuyingTests;
				PRODUCT_NAME = "$(TARGET_NAME)";
				SWIFT_VERSION = 4.2;
				TARGETED_DEVICE_FAMILY = "1,2";
				TEST_HOST = "$(BUILT_PRODUCTS_DIR)/WannaBuying.app/WannaBuying";
			};
			name = Debug;
		};
		B1090FCD2275DF4B003AA3DD /* Release */ = {
			isa = XCBuildConfiguration;
			baseConfigurationReference = CDE3CBA83ED5A1A24F176629 /* Pods-WannaBuyingTests.release.xcconfig */;
			buildSettings = {
				ALWAYS_EMBED_SWIFT_STANDARD_LIBRARIES = YES;
				BUNDLE_LOADER = "$(TEST_HOST)";
				CODE_SIGN_STYLE = Automatic;
				INFOPLIST_FILE = WannaBuyingTests/Info.plist;
				LD_RUNPATH_SEARCH_PATHS = (
					"$(inherited)",
					"@executable_path/Frameworks",
					"@loader_path/Frameworks",
				);
				PRODUCT_BUNDLE_IDENTIFIER = s92104.WannaBuyingTests;
				PRODUCT_NAME = "$(TARGET_NAME)";
				SWIFT_VERSION = 4.2;
				TARGETED_DEVICE_FAMILY = "1,2";
				TEST_HOST = "$(BUILT_PRODUCTS_DIR)/WannaBuying.app/WannaBuying";
			};
			name = Release;
		};
		B1090FCF2275DF4B003AA3DD /* Debug */ = {
			isa = XCBuildConfiguration;
			baseConfigurationReference = F71750198C6A73C82D25FFB4 /* Pods-WannaBuyingUITests.debug.xcconfig */;
			buildSettings = {
				ALWAYS_EMBED_SWIFT_STANDARD_LIBRARIES = YES;
				CODE_SIGN_STYLE = Automatic;
				INFOPLIST_FILE = WannaBuyingUITests/Info.plist;
				LD_RUNPATH_SEARCH_PATHS = (
					"$(inherited)",
					"@executable_path/Frameworks",
					"@loader_path/Frameworks",
				);
				PRODUCT_BUNDLE_IDENTIFIER = s92104.WannaBuyingUITests;
				PRODUCT_NAME = "$(TARGET_NAME)";
				SWIFT_VERSION = 4.2;
				TARGETED_DEVICE_FAMILY = "1,2";
				TEST_TARGET_NAME = WannaBuying;
			};
			name = Debug;
		};
		B1090FD02275DF4B003AA3DD /* Release */ = {
			isa = XCBuildConfiguration;
			baseConfigurationReference = 70DF1A3D95B1E4A84FBB3D5B /* Pods-WannaBuyingUITests.release.xcconfig */;
			buildSettings = {
				ALWAYS_EMBED_SWIFT_STANDARD_LIBRARIES = YES;
				CODE_SIGN_STYLE = Automatic;
				INFOPLIST_FILE = WannaBuyingUITests/Info.plist;
				LD_RUNPATH_SEARCH_PATHS = (
					"$(inherited)",
					"@executable_path/Frameworks",
					"@loader_path/Frameworks",
				);
				PRODUCT_BUNDLE_IDENTIFIER = s92104.WannaBuyingUITests;
				PRODUCT_NAME = "$(TARGET_NAME)";
				SWIFT_VERSION = 4.2;
				TARGETED_DEVICE_FAMILY = "1,2";
				TEST_TARGET_NAME = WannaBuying;
			};
			name = Release;
		};
/* End XCBuildConfiguration section */

/* Begin XCConfigurationList section */
		B1090F9B2275DF48003AA3DD /* Build configuration list for PBXProject "WannaBuying" */ = {
			isa = XCConfigurationList;
			buildConfigurations = (
				B1090FC62275DF4B003AA3DD /* Debug */,
				B1090FC72275DF4B003AA3DD /* Release */,
			);
			defaultConfigurationIsVisible = 0;
			defaultConfigurationName = Release;
		};
		B1090FC82275DF4B003AA3DD /* Build configuration list for PBXNativeTarget "WannaBuying" */ = {
			isa = XCConfigurationList;
			buildConfigurations = (
				B1090FC92275DF4B003AA3DD /* Debug */,
				B1090FCA2275DF4B003AA3DD /* Release */,
			);
			defaultConfigurationIsVisible = 0;
			defaultConfigurationName = Release;
		};
		B1090FCB2275DF4B003AA3DD /* Build configuration list for PBXNativeTarget "WannaBuyingTests" */ = {
			isa = XCConfigurationList;
			buildConfigurations = (
				B1090FCC2275DF4B003AA3DD /* Debug */,
				B1090FCD2275DF4B003AA3DD /* Release */,
			);
			defaultConfigurationIsVisible = 0;
			defaultConfigurationName = Release;
		};
		B1090FCE2275DF4B003AA3DD /* Build configuration list for PBXNativeTarget "WannaBuyingUITests" */ = {
			isa = XCConfigurationList;
			buildConfigurations = (
				B1090FCF2275DF4B003AA3DD /* Debug */,
				B1090FD02275DF4B003AA3DD /* Release */,
			);
			defaultConfigurationIsVisible = 0;
			defaultConfigurationName = Release;
		};
/* End XCConfigurationList section */
	};
	rootObject = B1090F982275DF48003AA3DD /* Project object */;
}
